
Microsoft Visual Studio Solution File, Format Version 12.00
# Visual Studio 14
VisualStudioVersion = 14.0.24720.0
MinimumVisualStudioVersion = 10.0.40219.1
Project("{2150E333-8FDC-42A3-9474-1A3956D46DE8}") = "src", "src", "{4E595B5D-8713-466E-A01F-B114BAEEBF55}"
EndProject
Project("{2150E333-8FDC-42A3-9474-1A3956D46DE8}") = "Solution Items", "Solution Items", "{D1F5738D-E5C1-4C59-907E-365AF0E33F1F}"
	ProjectSection(SolutionItems) = preProject
		global.json = global.json
		Readme.md = Readme.md
	EndProjectSection
EndProject
Project("{8BB2217D-0F2D-49D1-97BC-3654ED321F3B}") = "Demo.AspNetCore.EF6", "src\Experimental.AspNetCore.EF6\Demo.AspNetCore.EF6.xproj", "{4D8835D3-9BE9-490E-BFB5-634A3809534B}"
EndProject
Global
	GlobalSection(SolutionConfigurationPlatforms) = preSolution
		Debug|Any CPU = Debug|Any CPU
		Release|Any CPU = Release|Any CPU
	EndGlobalSection
	GlobalSection(ProjectConfigurationPlatforms) = postSolution
		{4D8835D3-9BE9-490E-BFB5-634A3809534B}.Debug|Any CPU.ActiveCfg = Debug|Any CPU
		{4D8835D3-9BE9-490E-BFB5-634A3809534B}.Debug|Any CPU.Build.0 = Debug|Any CPU
		{4D8835D3-9BE9-490E-BFB5-634A3809534B}.Release|Any CPU.ActiveCfg = Release|Any CPU
		{4D8835D3-9BE9-490E-BFB5-634A3809534B}.Release|Any CPU.Build.0 = Release|Any CPU
	EndGlobalSection
	GlobalSection(SolutionProperties) = preSolution
		HideSolutionNode = FALSE
	EndGlobalSection
	GlobalSection(NestedProjects) = preSolution
		{4D8835D3-9BE9-490E-BFB5-634A3809534B} = {4E595B5D-8713-466E-A01F-B114BAEEBF55}
	EndGlobalSection
EndGlobal
